// !$*UTF8*$!
{
	archiveVersion = 1;
	classes = {
	};
	objectVersion = 77;
	objects = {

/* Begin PBXBuildFile section */
		B57CE1662F6AEE7B00722C33 /* Supabase in Frameworks */ = {isa = PBXBuildFile; productRef = C10A00012F6BE00000000001 /* Supabase */; };
		C10A00022F6BE00000000002 /* FirebaseCore in Frameworks */ = {isa = PBXBuildFile; productRef = C10A00012F6BE00000000002 /* FirebaseCore */; };
		C10A00022F6BE00000000003 /* FirebaseAnalytics in Frameworks */ = {isa = PBXBuildFile; productRef = C10A00012F6BE00000000003 /* FirebaseAnalytics */; };
		C10A00022F6BE00000000004 /* GoogleMobileAds in Frameworks */ = {isa = PBXBuildFile; productRef = C10A00012F6BE00000000004 /* GoogleMobileAds */; };
/* End PBXBuildFile section */

/* Begin PBXContainerItemProxy section */
		B57CE0CC2F6ADD2C00722C33 /* PBXContainerItemProxy */ = {
			isa = PBXContainerItemProxy;
			containerPortal = B57CE0B62F6ADD2C00722C33 /* Project object */;
			proxyType = 1;
			remoteGlobalIDString = B57CE0BD2F6ADD2C00722C33;
			remoteInfo = pickmiju;
		};
		B57CE0D62F6ADD2C00722C33 /* PBXContainerItemProxy */ = {
			isa = PBXContainerItemProxy;
			containerPortal = B57CE0B62F6ADD2C00722C33 /* Project object */;
			proxyType = 1;
			remoteGlobalIDString = B57CE0BD2F6ADD2C00722C33;
			remoteInfo = pickmiju;
		};
/* End PBXContainerItemProxy section */

/* Begin PBXFileReference section */
		B57CE0BE2F6ADD2C00722C33 /* pickmiju.app */ = {isa = PBXFileReference; explicitFileType = wrapper.application; includeInIndex = 0; path = pickmiju.app; sourceTree = BUILT_PRODUCTS_DIR; };
		B57CE0CB2F6ADD2C00722C33 /* pickmijuTests.xctest */ = {isa = PBXFileReference; explicitFileType = wrapper.cfbundle; includeInIndex = 0; path = pickmijuTests.xctest; sourceTree = BUILT_PRODUCTS_DIR; };
		B57CE0D52F6ADD2C00722C33 /* pickmijuUITests.xctest */ = {isa = PBXFileReference; explicitFileType = wrapper.cfbundle; includeInIndex = 0; path = pickmijuUITests.xctest; sourceTree = BUILT_PRODUCTS_DIR; };
/* End PBXFileReference section */

/* Begin PBXFileSystemSynchronizedRootGroup section */
		B57CE0C02F6ADD2C00722C33 /* pickmiju */ = {
			isa = PBXFileSystemSynchronizedRootGroup;
			path = pickmiju;
			sourceTree = "<group>";
		};
		B57CE0CE2F6ADD2C00722C33 /* pickmijuTests */ = {
			isa = PBXFileSystemSynchronizedRootGroup;
			path = pickmijuTests;
			sourceTree = "<group>";
		};
		B57CE0D82F6ADD2C00722C33 /* pickmijuUITests */ = {
			isa = PBXFileSystemSynchronizedRootGroup;
			path = pickmijuUITests;
			sourceTree = "<group>";
		};
/* End PBXFileSystemSynchronizedRootGroup section */

/* Begin PBXFrameworksBuildPhase section */
		B57CE0BB2F6ADD2C00722C33 /* Frameworks */ = {
			isa = PBXFrameworksBuildPhase;
			buildActionMask = 2147483647;
			files = (
				B57CE1662F6AEE7B00722C33 /* Supabase in Frameworks */,
				C10A00022F6BE00000000002 /* FirebaseCore in Frameworks */,
				C10A00022F6BE00000000003 /* FirebaseAnalytics in Frameworks */,
				C10A00022F6BE00000000004 /* GoogleMobileAds in Frameworks */,
			);
			runOnlyForDeploymentPostprocessing = 0;
		};
		B57CE0C82F6ADD2C00722C33 /* Frameworks */ = {
			isa = PBXFrameworksBuildPhase;
			buildActionMask = 2147483647;
			files = (
			);
			runOnlyForDeploymentPostprocessing = 0;
		};
		B57CE0D22F6ADD2C00722C33 /* Frameworks */ = {
			isa = PBXFrameworksBuildPhase;
			buildActionMask = 2147483647;
			files = (
			);
			runOnlyForDeploymentPostprocessing = 0;
		};
/* End PBXFrameworksBuildPhase section */

/* Begin PBXGroup section */
		B57CE0B52F6ADD2C00722C33 = {
			isa = PBXGroup;
			children = (
				B57CE0C02F6ADD2C00722C33 /* pickmiju */,
				B57CE0CE2F6ADD2C00722C33 /* pickmijuTests */,
				B57CE0D82F6ADD2C00722C33 /* pickmijuUITests */,
				B57CE0BF2F6ADD2C00722C33 /* Products */,
			);
			sourceTree = "<group>";
		};
		B57CE0BF2F6ADD2C00722C33 /* Products */ = {
			isa = PBXGroup;
			children = (
				B57CE0BE2F6ADD2C00722C33 /* pickmiju.app */,
				B57CE0CB2F6ADD2C00722C33 /* pickmijuTests.xctest */,
				B57CE0D52F6ADD2C00722C33 /* pickmijuUITests.xctest */,
			);
			name = Products;
			sourceTree = "<group>";
		};
/* End PBXGroup section */

/* Begin PBXNativeTarget section */
		B57CE0BD2F6ADD2C00722C33 /* pickmiju */ = {
			isa = PBXNativeTarget;
			buildConfigurationList = B57CE0DF2F6ADD2C00722C33 /* Build configuration list for PBXNativeTarget "pickmiju" */;
			buildPhases = (
				B57CE0BA2F6ADD2C00722C33 /* Sources */,
				B57CE0BB2F6ADD2C00722C33 /* Frameworks */,
				B57CE0BC2F6ADD2C00722C33 /* Resources */,
			);
			buildRules = (
			);
			dependencies = (
			);
			fileSystemSynchronizedGroups = (
				B57CE0C02F6ADD2C00722C33 /* pickmiju */,
			);
			name = pickmiju;
			packageProductDependencies = (
				C10A00012F6BE00000000001 /* Supabase */,
				C10A00012F6BE00000000002 /* FirebaseCore */,
				C10A00012F6BE00000000003 /* FirebaseAnalytics */,
				C10A00012F6BE00000000004 /* GoogleMobileAds */,
			);
			productName = pickmiju;
			productReference = B57CE0BE2F6ADD2C00722C33 /* pickmiju.app */;
			productType = "com.apple.product-type.application";
		};
		B57CE0CA2F6ADD2C00722C33 /* pickmijuTests */ = {
			isa = PBXNativeTarget;
			buildConfigurationList = B57CE0E22F6ADD2C00722C33 /* Build configuration list for PBXNativeTarget "pickmijuTests" */;
			buildPhases = (
				B57CE0C72F6ADD2C00722C33 /* Sources */,
				B57CE0C82F6ADD2C00722C33 /* Frameworks */,
				B57CE0C92F6ADD2C00722C33 /* Resources */,
			);
			buildRules = (
			);
			dependencies = (
				B57CE0CD2F6ADD2C00722C33 /* PBXTargetDependency */,
			);
			fileSystemSynchronizedGroups = (
				B57CE0CE2F6ADD2C00722C33 /* pickmijuTests */,
			);
			name = pickmijuTests;
			packageProductDependencies = (
			);
			productName = pickmijuTests;
			productReference = B57CE0CB2F6ADD2C00722C33 /* pickmijuTests.xctest */;
			productType = "com.apple.product-type.bundle.unit-test";
		};
		B57CE0D42F6ADD2C00722C33 /* pickmijuUITests */ = {
			isa = PBXNativeTarget;
			buildConfigurationList = B57CE0E52F6ADD2C00722C33 /* Build configuration list for PBXNativeTarget "pickmijuUITests" */;
			buildPhases = (
				B57CE0D12F6ADD2C00722C33 /* Sources */,
				B57CE0D22F6ADD2C00722C33 /* Frameworks */,
				B57CE0D32F6ADD2C00722C33 /* Resources */,
			);
			buildRules = (
			);
			dependencies = (
				B57CE0D72F6ADD2C00722C33 /* PBXTargetDependency */,
			);
			fileSystemSynchronizedGroups = (
				B57CE0D82F6ADD2C00722C33 /* pickmijuUITests */,
			);
			name = pickmijuUITests;
			packageProductDependencies = (
			);
			productName = pickmijuUITests;
			productReference = B57CE0D52F6ADD2C00722C33 /* pickmijuUITests.xctest */;
			productType = "com.apple.product-type.bundle.ui-testing";
		};
/* End PBXNativeTarget section */

/* Begin PBXProject section */
		B57CE0B62F6ADD2C00722C33 /* Project object */ = {
			isa = PBXProject;
			attributes = {
				BuildIndependentTargetsInParallel = 1;
				LastSwiftUpdateCheck = 2630;
				LastUpgradeCheck = 2630;
				TargetAttributes = {
					B57CE0BD2F6ADD2C00722C33 = {
						CreatedOnToolsVersion = 26.3;
					};
					B57CE0CA2F6ADD2C00722C33 = {
						CreatedOnToolsVersion = 26.3;
						TestTargetID = B57CE0BD2F6ADD2C00722C33;
					};
					B57CE0D42F6ADD2C00722C33 = {
						CreatedOnToolsVersion = 26.3;
						TestTargetID = B57CE0BD2F6ADD2C00722C33;
					};
				};
			};
			buildConfigurationList = B57CE0B92F6ADD2C00722C33 /* Build configuration list for PBXProject "pickmiju" */;
			developmentRegion = en;
			hasScannedForEncodings = 0;
			knownRegions = (
				en,
				Base,
			);
			mainGroup = B57CE0B52F6ADD2C00722C33;
			minimizedProjectReferenceProxies = 1;
			packageReferences = (
				C10A00002F6BE00000000001 /* XCRemoteSwiftPackageReference "supabase-swift" */,
				C10A00002F6BE00000000002 /* XCRemoteSwiftPackageReference "firebase-ios-sdk" */,
				C10A00002F6BE00000000003 /* XCRemoteSwiftPackageReference "swift-package-manager-google-mobile-ads" */,
			);
			preferredProjectObjectVersion = 77;
			productRefGroup = B57CE0BF2F6ADD2C00722C33 /* Products */;
			projectDirPath = "";
			projectRoot = "";
			targets = (
				B57CE0BD2F6ADD2C00722C33 /* pickmiju */,
				B57CE0CA2F6ADD2C00722C33 /* pickmijuTests */,
				B57CE0D42F6ADD2C00722C33 /* pickmijuUITests */,
			);
		};
/* End PBXProject section */

/* Begin PBXResourcesBuildPhase section */
		B57CE0BC2F6ADD2C00722C33 /* Resources */ = {
			isa = PBXResourcesBuildPhase;
			buildActionMask = 2147483647;
			files = (
			);
			runOnlyForDeploymentPostprocessing = 0;
		};
		B57CE0C92F6ADD2C00722C33 /* Resources */ = {
			isa = PBXResourcesBuildPhase;
			buildActionMask = 2147483647;
			files = (
			);
			runOnlyForDeploymentPostprocessing = 0;
		};
		B57CE0D32F6ADD2C00722C33 /* Resources */ = {
			isa = PBXResourcesBuildPhase;
			buildActionMask = 2147483647;
			files = (
			);
			runOnlyForDeploymentPostprocessing = 0;
		};
/* End PBXResourcesBuildPhase section */

/* Begin PBXSourcesBuildPhase section */
		B57CE0BA2F6ADD2C00722C33 /* Sources */ = {
			isa = PBXSourcesBuildPhase;
			buildActionMask = 2147483647;
			files = (
			);
			runOnlyForDeploymentPostprocessing = 0;
		};
		B57CE0C72F6ADD2C00722C33 /* Sources */ = {
			isa = PBXSourcesBuildPhase;
			buildActionMask = 2147483647;
			files = (
			);
			runOnlyForDeploymentPostprocessing = 0;
		};
		B57CE0D12F6ADD2C00722C33 /* Sources */ = {
			isa = PBXSourcesBuildPhase;
			buildActionMask = 2147483647;
			files = (
			);
			runOnlyForDeploymentPostprocessing = 0;
		};
/* End PBXSourcesBuildPhase section */

/* Begin PBXTargetDependency section */
		B57CE0CD2F6ADD2C00722C33 /* PBXTargetDependency */ = {
			isa = PBXTargetDependency;
			target = B57CE0BD2F6ADD2C00722C33 /* pickmiju */;
			targetProxy = B57CE0CC2F6ADD2C00722C33 /* PBXContainerItemProxy */;
		};
		B57CE0D72F6ADD2C00722C33 /* PBXTargetDependency */ = {
			isa = PBXTargetDependency;
			target = B57CE0BD2F6ADD2C00722C33 /* pickmiju */;
			targetProxy = B57CE0D62F6ADD2C00722C33 /* PBXContainerItemProxy */;
		};
/* End PBXTargetDependency section */

/* Begin XCBuildConfiguration section */
		B57CE0DD2F6ADD2C00722C33 /* Debug */ = {
			isa = XCBuildConfiguration;
			buildSettings = {
				ALWAYS_SEARCH_USER_PATHS = NO;
				ASSETCATALOG_COMPILER_GENERATE_SWIFT_ASSET_SYMBOL_EXTENSIONS = YES;
				CLANG_ANALYZER_NONNULL = YES;
				CLANG_ANALYZER_NUMBER_OBJECT_CONVERSION = YES_AGGRESSIVE;
				CLANG_CXX_LANGUAGE_STANDARD = "gnu++20";
				CLANG_ENABLE_MODULES = YES;
				CLANG_ENABLE_OBJC_ARC = YES;
				CLANG_ENABLE_OBJC_WEAK = YES;
				CLANG_WARN_BLOCK_CAPTURE_AUTORELEASING = YES;
				CLANG_WARN_BOOL_CONVERSION = YES;
				CLANG_WARN_COMMA = YES;
				CLANG_WARN_CONSTANT_CONVERSION = YES;
				CLANG_WARN_DEPRECATED_OBJC_IMPLEMENTATIONS = YES;
				CLANG_WARN_DIRECT_OBJC_ISA_USAGE = YES_ERROR;
				CLANG_WARN_DOCUMENTATION_COMMENTS = YES;
				CLANG_WARN_EMPTY_BODY = YES;
				CLANG_WARN_ENUM_CONVERSION = YES;
				CLANG_WARN_INFINITE_RECURSION = YES;
				CLANG_WARN_INT_CONVERSION = YES;
				CLANG_WARN_NON_LITERAL_NULL_CONVERSION = YES;
				CLANG_WARN_OBJC_IMPLICIT_RETAIN_SELF = YES;
				CLANG_WARN_OBJC_LITERAL_CONVERSION = YES;
				CLANG_WARN_OBJC_ROOT_CLASS = YES_ERROR;
				CLANG_WARN_QUOTED_INCLUDE_IN_FRAMEWORK_HEADER = YES;
				CLANG_WARN_RANGE_LOOP_ANALYSIS = YES;
				CLANG_WARN_STRICT_PROTOTYPES = YES;
				CLANG_WARN_SUSPICIOUS_MOVE = YES;
				CLANG_WARN_UNGUARDED_AVAILABILITY = YES_AGGRESSIVE;
				CLANG_WARN_UNREACHABLE_CODE = YES;
				CLANG_WARN__DUPLICATE_METHOD_MATCH = YES;
				COPY_PHASE_STRIP = NO;
				DEBUG_INFORMATION_FORMAT = dwarf;
				DEVELOPMENT_TEAM = RT556U3WKT;
				ENABLE_STRICT_OBJC_MSGSEND = YES;
				ENABLE_TESTABILITY = YES;
				ENABLE_USER_SCRIPT_SANDBOXING = YES;
				GCC_C_LANGUAGE_STANDARD = gnu17;
				GCC_DYNAMIC_NO_PIC = NO;
				GCC_NO_COMMON_BLOCKS = YES;
				GCC_OPTIMIZATION_LEVEL = 0;
				GCC_PREPROCESSOR_DEFINITIONS = (
					"DEBUG=1",
					"$(inherited)",
				);
				GCC_WARN_64_TO_32_BIT_CONVERSION = YES;
				GCC_WARN_ABOUT_RETURN_TYPE = YES_ERROR;
				GCC_WARN_UNDECLARED_SELECTOR = YES;
				GCC_WARN_UNINITIALIZED_AUTOS = YES_AGGRESSIVE;
				GCC_WARN_UNUSED_FUNCTION = YES;
				GCC_WARN_UNUSED_VARIABLE = YES;
				IPHONEOS_DEPLOYMENT_TARGET = 26.2;
				LOCALIZATION_PREFERS_STRING_CATALOGS = YES;
				MTL_ENABLE_DEBUG_INFO = INCLUDE_SOURCE;
				MTL_FAST_MATH = YES;
				ONLY_ACTIVE_ARCH = YES;
				SDKROOT = iphoneos;
				SWIFT_ACTIVE_COMPILATION_CONDITIONS = "DEBUG $(inherited)";
				SWIFT_OPTIMIZATION_LEVEL = "-Onone";
			};
			name = Debug;
		};
		B57CE0DE2F6ADD2C00722C33 /* Release */ = {
			isa = XCBuildConfiguration;
			buildSettings = {
				ALWAYS_SEARCH_USER_PATHS = NO;
				ASSETCATALOG_COMPILER_GENERATE_SWIFT_ASSET_SYMBOL_EXTENSIONS = YES;
				CLANG_ANALYZER_NONNULL = YES;
				CLANG_ANALYZER_NUMBER_OBJECT_CONVERSION = YES_AGGRESSIVE;
				CLANG_CXX_LANGUAGE_STANDARD = "gnu++20";
				CLANG_ENABLE_MODULES = YES;
				CLANG_ENABLE_OBJC_ARC = YES;
				CLANG_ENABLE_OBJC_WEAK = YES;
				CLANG_WARN_BLOCK_CAPTURE_AUTORELEASING = YES;
				CLANG_WARN_BOOL_CONVERSION = YES;
				CLANG_WARN_COMMA = YES;
				CLANG_WARN_CONSTANT_CONVERSION = YES;
				CLANG_WARN_DEPRECATED_OBJC_IMPLEMENTATIONS = YES;
				CLANG_WARN_DIRECT_OBJC_ISA_USAGE = YES_ERROR;
				CLANG_WARN_DOCUMENTATION_COMMENTS = YES;
				CLANG_WARN_EMPTY_BODY = YES;
				CLANG_WARN_ENUM_CONVERSION = YES;
				CLANG_WARN_INFINITE_RECURSION = YES;
				CLANG_WARN_INT_CONVERSION = YES;
				CLANG_WARN_NON_LITERAL_NULL_CONVERSION = YES;
				CLANG_WARN_OBJC_IMPLICIT_RETAIN_SELF = YES;
				CLANG_WARN_OBJC_LITERAL_CONVERSION = YES;
				CLANG_WARN_OBJC_ROOT_CLASS = YES_ERROR;
				CLANG_WARN_QUOTED_INCLUDE_IN_FRAMEWORK_HEADER = YES;
				CLANG_WARN_RANGE_LOOP_ANALYSIS = YES;
				CLANG_WARN_STRICT_PROTOTYPES = YES;
				CLANG_WARN_SUSPICIOUS_MOVE = YES;
				CLANG_WARN_UNGUARDED_AVAILABILITY = YES_AGGRESSIVE;
				CLANG_WARN_UNREACHABLE_CODE = YES;
				CLANG_WARN__DUPLICATE_METHOD_MATCH = YES;
				COPY_PHASE_STRIP = NO;
				DEBUG_INFORMATION_FORMAT = "dwarf-with-dsym";
				DEVELOPMENT_TEAM = RT556U3WKT;
				ENABLE_NS_ASSERTIONS = NO;
				ENABLE_STRICT_OBJC_MSGSEND = YES;
				ENABLE_USER_SCRIPT_SANDBOXING = YES;
				GCC_C_LANGUAGE_STANDARD = gnu17;
				GCC_NO_COMMON_BLOCKS = YES;
				GCC_WARN_64_TO_32_BIT_CONVERSION = YES;
				GCC_WARN_ABOUT_RETURN_TYPE = YES_ERROR;
				GCC_WARN_UNDECLARED_SELECTOR = YES;
				GCC_WARN_UNINITIALIZED_AUTOS = YES_AGGRESSIVE;
				GCC_WARN_UNUSED_FUNCTION = YES;
				GCC_WARN_UNUSED_VARIABLE = YES;
				IPHONEOS_DEPLOYMENT_TARGET = 26.2;
				LOCALIZATION_PREFERS_STRING_CATALOGS = YES;
				MTL_ENABLE_DEBUG_INFO = NO;
				MTL_FAST_MATH = YES;
				SDKROOT = iphoneos;
				SWIFT_COMPILATION_MODE = wholemodule;
				VALIDATE_PRODUCT = YES;
			};
			name = Release;
		};
		B57CE0E02F6ADD2C00722C33 /* Debug */ = {
			isa = XCBuildConfiguration;
			buildSettings = {
				ASSETCATALOG_COMPILER_APPICON_NAME = AppIcon;
				ASSETCATALOG_COMPILER_GLOBAL_ACCENT_COLOR_NAME = AccentColor;
				CODE_SIGN_ENTITLEMENTS = pickmiju/pickmiju.entitlements;
				CODE_SIGN_STYLE = Automatic;
				CURRENT_PROJECT_VERSION = 1;
				DEVELOPMENT_TEAM = RT556U3WKT;
				ENABLE_PREVIEWS = YES;
				GENERATE_INFOPLIST_FILE = YES;
				INFOPLIST_FILE = Info.plist;
				INFOPLIST_KEY_CFBundleDisplayName = "픽미주";
				INFOPLIST_KEY_UIApplicationSceneManifest_Generation = YES;
				INFOPLIST_KEY_UIApplicationSupportsIndirectInputEvents = YES;
				INFOPLIST_KEY_UILaunchScreen_Generation = YES;
				INFOPLIST_KEY_UISupportedInterfaceOrientations_iPad = "UIInterfaceOrientationPortrait UIInterfaceOrientationPortraitUpsideDown UIInterfaceOrientationLandscapeLeft UIInterfaceOrientationLandscapeRight";
				INFOPLIST_KEY_UISupportedInterfaceOrientations_iPhone = "UIInterfaceOrientationPortrait UIInterfaceOrientationLandscapeLeft UIInterfaceOrientationLandscapeRight";
				IPHONEOS_DEPLOYMENT_TARGET = 18;
				LD_RUNPATH_SEARCH_PATHS = (
					"$(inherited)",
					"@executable_path/Frameworks",
				);
				MARKETING_VERSION = 1.3;
				PRODUCT_BUNDLE_IDENTIFIER = realmasse.pickmiju;
				PRODUCT_NAME = "$(TARGET_NAME)";
				STRING_CATALOG_GENERATE_SYMBOLS = YES;
				SWIFT_APPROACHABLE_CONCURRENCY = YES;
				SWIFT_DEFAULT_ACTOR_ISOLATION = MainActor;
				SWIFT_EMIT_LOC_STRINGS = YES;
				SWIFT_UPCOMING_FEATURE_MEMBER_IMPORT_VISIBILITY = YES;
				SWIFT_VERSION = 5.0;
				TARGETED_DEVICE_FAMILY = "1,2";
			};
			name = Debug;
		};
		B57CE0E12F6ADD2C00722C33 /* Release */ = {
			isa = XCBuildConfiguration;
			buildSettings = {
				ASSETCATALOG_COMPILER_APPICON_NAME = AppIcon;
				ASSETCATALOG_COMPILER_GLOBAL_ACCENT_COLOR_NAME = AccentColor;
				CODE_SIGN_ENTITLEMENTS = pickmiju/pickmiju.entitlements;
				CODE_SIGN_STYLE = Automatic;
				CURRENT_PROJECT_VERSION = 1;
				DEVELOPMENT_TEAM = RT556U3WKT;
				ENABLE_PREVIEWS = YES;
				GENERATE_INFOPLIST_FILE = YES;
				INFOPLIST_FILE = Info.plist;
				INFOPLIST_KEY_CFBundleDisplayName = "픽미주";
				INFOPLIST_KEY_UIApplicationSceneManifest_Generation = YES;
				INFOPLIST_KEY_UIApplicationSupportsIndirectInputEvents = YES;
				INFOPLIST_KEY_UILaunchScreen_Generation = YES;
				INFOPLIST_KEY_UISupportedInterfaceOrientations_iPad = "UIInterfaceOrientationPortrait UIInterfaceOrientationPortraitUpsideDown UIInterfaceOrientationLandscapeLeft UIInterfaceOrientationLandscapeRight";
				INFOPLIST_KEY_UISupportedInterfaceOrientations_iPhone = "UIInterfaceOrientationPortrait UIInterfaceOrientationLandscapeLeft UIInterfaceOrientationLandscapeRight";
				IPHONEOS_DEPLOYMENT_TARGET = 18;
				LD_RUNPATH_SEARCH_PATHS = (
					"$(inherited)",
					"@executable_path/Frameworks",
				);
				MARKETING_VERSION = 1.3;
				PRODUCT_BUNDLE_IDENTIFIER = realmasse.pickmiju;
				PRODUCT_NAME = "$(TARGET_NAME)";
				STRING_CATALOG_GENERATE_SYMBOLS = YES;
				SWIFT_APPROACHABLE_CONCURRENCY = YES;
				SWIFT_DEFAULT_ACTOR_ISOLATION = MainActor;
				SWIFT_EMIT_LOC_STRINGS = YES;
				SWIFT_UPCOMING_FEATURE_MEMBER_IMPORT_VISIBILITY = YES;
				SWIFT_VERSION = 5.0;
				TARGETED_DEVICE_FAMILY = "1,2";
			};
			name = Release;
		};
		B57CE0E32F6ADD2C00722C33 /* Debug */ = {
			isa = XCBuildConfiguration;
			buildSettings = {
				BUNDLE_LOADER = "$(TEST_HOST)";
				CODE_SIGN_STYLE = Automatic;
				CURRENT_PROJECT_VERSION = 1;
				DEVELOPMENT_TEAM = RT556U3WKT;
				GENERATE_INFOPLIST_FILE = YES;
				IPHONEOS_DEPLOYMENT_TARGET = 26.2;
				MARKETING_VERSION = 1.0;
				PRODUCT_BUNDLE_IDENTIFIER = realmasse.pickmijuTests;
				PRODUCT_NAME = "$(TARGET_NAME)";
				STRING_CATALOG_GENERATE_SYMBOLS = NO;
				SWIFT_APPROACHABLE_CONCURRENCY = YES;
				SWIFT_EMIT_LOC_STRINGS = NO;
				SWIFT_UPCOMING_FEATURE_MEMBER_IMPORT_VISIBILITY = YES;
				SWIFT_VERSION = 5.0;
				TARGETED_DEVICE_FAMILY = "1,2";
				TEST_HOST = "$(BUILT_PRODUCTS_DIR)/pickmiju.app/$(BUNDLE_EXECUTABLE_FOLDER_PATH)/pickmiju";
			};
			name = Debug;
		};
		B57CE0E42F6ADD2C00722C33 /* Release */ = {
			isa = XCBuildConfiguration;
			buildSettings = {
				BUNDLE_LOADER = "$(TEST_HOST)";
				CODE_SIGN_STYLE = Automatic;
				CURRENT_PROJECT_VERSION = 1;
				DEVELOPMENT_TEAM = RT556U3WKT;
				GENERATE_INFOPLIST_FILE = YES;
				IPHONEOS_DEPLOYMENT_TARGET = 26.2;
				MARKETING_VERSION = 1.0;
				PRODUCT_BUNDLE_IDENTIFIER = realmasse.pickmijuTests;
				PRODUCT_NAME = "$(TARGET_NAME)";
				STRING_CATALOG_GENERATE_SYMBOLS = NO;
				SWIFT_APPROACHABLE_CONCURRENCY = YES;
				SWIFT_EMIT_LOC_STRINGS = NO;
				SWIFT_UPCOMING_FEATURE_MEMBER_IMPORT_VISIBILITY = YES;
				SWIFT_VERSION = 5.0;
				TARGETED_DEVICE_FAMILY = "1,2";
				TEST_HOST = "$(BUILT_PRODUCTS_DIR)/pickmiju.app/$(BUNDLE_EXECUTABLE_FOLDER_PATH)/pickmiju";
			};
			name = Release;
		};
		B57CE0E62F6ADD2C00722C33 /* Debug */ = {
			isa = XCBuildConfiguration;
			buildSettings = {
				CODE_SIGN_STYLE = Automatic;
				CURRENT_PROJECT_VERSION = 1;
				DEVELOPMENT_TEAM = RT556U3WKT;
				GENERATE_INFOPLIST_FILE = YES;
				MARKETING_VERSION = 1.0;
				PRODUCT_BUNDLE_IDENTIFIER = realmasse.pickmijuUITests;
				PRODUCT_NAME = "$(TARGET_NAME)";
				STRING_CATALOG_GENERATE_SYMBOLS = NO;
				SWIFT_APPROACHABLE_CONCURRENCY = YES;
				SWIFT_EMIT_LOC_STRINGS = NO;
				SWIFT_UPCOMING_FEATURE_MEMBER_IMPORT_VISIBILITY = YES;
				SWIFT_VERSION = 5.0;
				TARGETED_DEVICE_FAMILY = "1,2";
				TEST_TARGET_NAME = pickmiju;
			};
			name = Debug;
		};
		B57CE0E72F6ADD2C00722C33 /* Release */ = {
			isa = XCBuildConfiguration;
			buildSettings = {
				CODE_SIGN_STYLE = Automatic;
				CURRENT_PROJECT_VERSION = 1;
				DEVELOPMENT_TEAM = RT556U3WKT;
				GENERATE_INFOPLIST_FILE = YES;
				MARKETING_VERSION = 1.0;
				PRODUCT_BUNDLE_IDENTIFIER = realmasse.pickmijuUITests;
				PRODUCT_NAME = "$(TARGET_NAME)";
				STRING_CATALOG_GENERATE_SYMBOLS = NO;
				SWIFT_APPROACHABLE_CONCURRENCY = YES;
				SWIFT_EMIT_LOC_STRINGS = NO;
				SWIFT_UPCOMING_FEATURE_MEMBER_IMPORT_VISIBILITY = YES;
				SWIFT_VERSION = 5.0;
				TARGETED_DEVICE_FAMILY = "1,2";
				TEST_TARGET_NAME = pickmiju;
			};
			name = Release;
		};
/* End XCBuildConfiguration section */

/* Begin XCConfigurationList section */
		B57CE0B92F6ADD2C00722C33 /* Build configuration list for PBXProject "pickmiju" */ = {
			isa = XCConfigurationList;
			buildConfigurations = (
				B57CE0DD2F6ADD2C00722C33 /* Debug */,
				B57CE0DE2F6ADD2C00722C33 /* Release */,
			);
			defaultConfigurationIsVisible = 0;
			defaultConfigurationName = Release;
		};
		B57CE0DF2F6ADD2C00722C33 /* Build configuration list for PBXNativeTarget "pickmiju" */ = {
			isa = XCConfigurationList;
			buildConfigurations = (
				B57CE0E02F6ADD2C00722C33 /* Debug */,
				B57CE0E12F6ADD2C00722C33 /* Release */,
			);
			defaultConfigurationIsVisible = 0;
			defaultConfigurationName = Release;
		};
		B57CE0E22F6ADD2C00722C33 /* Build configuration list for PBXNativeTarget "pickmijuTests" */ = {
			isa = XCConfigurationList;
			buildConfigurations = (
				B57CE0E32F6ADD2C00722C33 /* Debug */,
				B57CE0E42F6ADD2C00722C33 /* Release */,
			);
			defaultConfigurationIsVisible = 0;
			defaultConfigurationName = Release;
		};
		B57CE0E52F6ADD2C00722C33 /* Build configuration list for PBXNativeTarget "pickmijuUITests" */ = {
			isa = XCConfigurationList;
			buildConfigurations = (
				B57CE0E62F6ADD2C00722C33 /* Debug */,
				B57CE0E72F6ADD2C00722C33 /* Release */,
			);
			defaultConfigurationIsVisible = 0;
			defaultConfigurationName = Release;
		};
/* End XCConfigurationList section */

/* Begin XCRemoteSwiftPackageReference section */
		C10A00002F6BE00000000001 /* XCRemoteSwiftPackageReference "supabase-swift" */ = {
			isa = XCRemoteSwiftPackageReference;
			repositoryURL = "https://github.com/supabase/supabase-swift";
			requirement = {
				kind = upToNextMajorVersion;
				minimumVersion = 2.0.0;
			};
		};
		C10A00002F6BE00000000002 /* XCRemoteSwiftPackageReference "firebase-ios-sdk" */ = {
			isa = XCRemoteSwiftPackageReference;
			repositoryURL = "https://github.com/firebase/firebase-ios-sdk";
			requirement = {
				kind = upToNextMajorVersion;
				minimumVersion = 11.0.0;
			};
		};
		C10A00002F6BE00000000003 /* XCRemoteSwiftPackageReference "swift-package-manager-google-mobile-ads" */ = {
			isa = XCRemoteSwiftPackageReference;
			repositoryURL = "https://github.com/googleads/swift-package-manager-google-mobile-ads";
			requirement = {
				kind = upToNextMajorVersion;
				minimumVersion = 13.1.0;
			};
		};
/* End XCRemoteSwiftPackageReference section */

/* Begin XCSwiftPackageProductDependency section */
		C10A00012F6BE00000000001 /* Supabase */ = {
			isa = XCSwiftPackageProductDependency;
			package = C10A00002F6BE00000000001 /* XCRemoteSwiftPackageReference "supabase-swift" */;
			productName = Supabase;
		};
		C10A00012F6BE00000000002 /* FirebaseCore */ = {
			isa = XCSwiftPackageProductDependency;
			package = C10A00002F6BE00000000002 /* XCRemoteSwiftPackageReference "firebase-ios-sdk" */;
			productName = FirebaseCore;
		};
		C10A00012F6BE00000000003 /* FirebaseAnalytics */ = {
			isa = XCSwiftPackageProductDependency;
			package = C10A00002F6BE00000000002 /* XCRemoteSwiftPackageReference "firebase-ios-sdk" */;
			productName = FirebaseAnalytics;
		};
		C10A00012F6BE00000000004 /* GoogleMobileAds */ = {
			isa = XCSwiftPackageProductDependency;
			package = C10A00002F6BE00000000003 /* XCRemoteSwiftPackageReference "swift-package-manager-google-mobile-ads" */;
			productName = GoogleMobileAds;
		};
/* End XCSwiftPackageProductDependency section */
	};
	rootObject = B57CE0B62F6ADD2C00722C33 /* Project object */;
}
